name: Refresh Task 7 lockfile

on:
  push:
    branches:
      - feat/booking-os-pilot-foundation

permissions:
  contents: write

jobs:
  refresh-lockfile:
    if: github.actor != 'github-actions[bot]'
    runs-on: ubuntu-latest
    timeout-minutes: 10
    steps:
      - name: Checkout implementation branch
        uses: actions/checkout@v6
        with:
          ref: feat/booking-os-pilot-foundation

      - name: Set up pnpm
        uses: pnpm/action-setup@v6
        with:
          version: 10.34.5

      - name: Set up Node.js
        uses: actions/setup-node@v6
        with:
          node-version: 22

      - name: Regenerate lockfile only
        run: pnpm install --lockfile-only --no-frozen-lockfile

      - name: Commit refreshed lockfile
        shell: bash
        run: |
          if git diff --quiet -- pnpm-lock.yaml; then
            echo "Lockfile is already current."
            exit 0
          fi
          git config user.name "github-actions[bot]"
          git config user.email "41898282+github-actions[bot]@users.noreply.github.com"
          git add pnpm-lock.yaml
          git commit -m "build: refresh Task 7 pnpm lockfile"
          git push origin HEAD:feat/booking-os-pilot-foundation
